
Microsoft Visual Studio Solution File, Format Version 12.00
# Visual Studio Version 17
VisualStudioVersion = 17.5.002.0
MinimumVisualStudioVersion = 10.0.40219.1
Project("{9A19103F-16F7-4668-BE54-9A1E7A4F7556}") = "ClassificadorHeroi", "ClassificadorHeroi.csproj", "{AFC69A1A-47A1-4DE2-BFD0-F4383BBD60C6}"
EndProject
Global
	GlobalSection(SolutionConfigurationPlatforms) = preSolution
		Debug|Any CPU = Debug|Any CPU
		Release|Any CPU = Release|Any CPU
	EndGlobalSection
	GlobalSection(ProjectConfigurationPlatforms) = postSolution
		{AFC69A1A-47A1-4DE2-BFD0-F4383BBD60C6}.Debug|Any CPU.ActiveCfg = Debug|Any CPU
		{AFC69A1A-47A1-4DE2-BFD0-F4383BBD60C6}.Debug|Any CPU.Build.0 = Debug|Any CPU
		{AFC69A1A-47A1-4DE2-BFD0-F4383BBD60C6}.Release|Any CPU.ActiveCfg = Release|Any CPU
		{AFC69A1A-47A1-4DE2-BFD0-F4383BBD60C6}.Release|Any CPU.Build.0 = Release|Any CPU
	EndGlobalSection
	GlobalSection(SolutionProperties) = preSolution
		HideSolutionNode = FALSE
	EndGlobalSection
	GlobalSection(ExtensibilityGlobals) = postSolution
		SolutionGuid = {14DF41A1-C2D0-4249-918E-0D5ED4ABB801}
	EndGlobalSection
EndGlobal
